
Microsoft Visual Studio Solution File, Format Version 12.00
# Visual Studio Version 16
VisualStudioVersion = 16.0.30204.135
MinimumVisualStudioVersion = 10.0.40219.1
Project("{FAE04EC0-301F-11D3-BF4B-00C04F79EFBC}") = "BookListMVC", "BookListMVC\BookListMVC.csproj", "{D373C6FE-ECF9-4783-A2E5-6B0F9D32F61A}"
EndProject
Global
	GlobalSection(SolutionConfigurationPlatforms) = preSolution
		Debug|Any CPU = Debug|Any CPU
		Release|Any CPU = Release|Any CPU
	EndGlobalSection
	GlobalSection(ProjectConfigurationPlatforms) = postSolution
		{D373C6FE-ECF9-4783-A2E5-6B0F9D32F61A}.Debug|Any CPU.ActiveCfg = Debug|Any CPU
		{D373C6FE-ECF9-4783-A2E5-6B0F9D32F61A}.Debug|Any CPU.Build.0 = Debug|Any CPU
		{D373C6FE-ECF9-4783-A2E5-6B0F9D32F61A}.Release|Any CPU.ActiveCfg = Release|Any CPU
		{D373C6FE-ECF9-4783-A2E5-6B0F9D32F61A}.Release|Any CPU.Build.0 = Release|Any CPU
	EndGlobalSection
	GlobalSection(SolutionProperties) = preSolution
		HideSolutionNode = FALSE
	EndGlobalSection
	GlobalSection(ExtensibilityGlobals) = postSolution
		SolutionGuid = {B76BDA64-E259-43B0-96EC-E3C16F7D33E7}
	EndGlobalSection
EndGlobal
